<?xml version="1.0" encoding="utf-8"?>
<Project ToolsVersion="4.0" xmlns="http://schemas.microsoft.com/developer/msbuild/2003">
  <ItemGroup>
    <ClCompile Include="shader.cpp">
      <Filter>C++ Files</Filter>
    </ClCompile>
    <ClCompile Include="ObjectType.cpp">
      <Filter>C++ Files</Filter>
    </ClCompile>
    <ClCompile Include="LoadObjClass.cpp">
      <Filter>C++ Files</Filter>
    </ClCompile>
    <ClCompile Include="Model.cpp">
      <Filter>C++ Files</Filter>
    </ClCompile>
    <ClCompile Include="Ball.cpp">
      <Filter>C++ Files</Filter>
    </ClCompile>
    <ClCompile Include="Particle.cpp">
      <Filter>C++ Files</Filter>
    </ClCompile>
    <ClCompile Include="RigidBody.cpp">
      <Filter>C++ Files</Filter>
    </ClCompile>
    <ClCompile Include="SphereCollider.cpp">
      <Filter>C++ Files</Filter>
    </ClCompile>
    <ClCompile Include="GameObject.cpp">
      <Filter>C++ Files</Filter>
    </ClCompile>
    <ClCompile Include="WorldObject.cpp">
      <Filter>C++ Files</Filter>
    </ClCompile>
    <ClCompile Include="Collider.cpp">
      <Filter>C++ Files</Filter>
    </ClCompile>
    <ClCompile Include="BoxCollider.cpp">
      <Filter>C++ Files</Filter>
    </ClCompile>
  </ItemGroup>
  <ItemGroup>
    <ClInclude Include="shader.h">
      <Filter>Header Files</Filter>
    </ClInclude>
    <ClInclude Include="vertex.h">
      <Filter>Header Files</Filter>
    </ClInclude>
    <ClInclude Include="ObjectType.h">
      <Filter>Header Files</Filter>
    </ClInclude>
    <ClInclude Include="Model.h">
      <Filter>Header Files</Filter>
    </ClInclude>
    <ClInclude Include="OBJloader.h">
      <Filter>Header Files</Filter>
    </ClInclude>
    <ClInclude Include="Ball.h">
      <Filter>Header Files</Filter>
    </ClInclude>
    <ClInclude Include="Particle.h">
      <Filter>Header Files</Filter>
    </ClInclude>
    <ClInclude Include="RigidBody.h">
      <Filter>Header Files</Filter>
    </ClInclude>
    <ClInclude Include="PhysicsBody.h">
      <Filter>Header Files</Filter>
    </ClInclude>
    <ClInclude Include="SphereCollider.h">
      <Filter>Header Files</Filter>
    </ClInclude>
    <ClInclude Include="GameObject.h">
      <Filter>Header Files</Filter>
    </ClInclude>
    <ClInclude Include="WorldObject.h">
      <Filter>Header Files</Filter>
    </ClInclude>
    <ClInclude Include="CollisionData.h">
      <Filter>Header Files</Filter>
    </ClInclude>
    <ClInclude Include="Collider.h">
      <Filter>Header Files</Filter>
    </ClInclude>
    <ClInclude Include="BoxCollider.h">
      <Filter>Header Files</Filter>
    </ClInclude>
  </ItemGroup>
  <ItemGroup>
    <Filter Include="C++ Files">
      <UniqueIdentifier>{1d1bf2fd-f2e0-4efb-8752-7c597d2be623}</UniqueIdentifier>
    </Filter>
    <Filter Include="Header Files">
      <UniqueIdentifier>{9fa54158-2ee8-4a3e-a2e7-e5719b7e80bf}</UniqueIdentifier>
    </Filter>
  </ItemGroup>
  <ItemGroup>
    <None Include="fragmentShader.glsl">
      <Filter>Header Files</Filter>
    </None>
    <None Include="vertexShader.glsl">
      <Filter>Header Files</Filter>
    </None>
  </ItemGroup>
</Project>